
Microsoft Visual Studio Solution File, Format Version 12.00
# Visual Studio 15
VisualStudioVersion = 15.0.28307.705
MinimumVisualStudioVersion = 10.0.40219.1
Project("{FAE04EC0-301F-11D3-BF4B-00C04F79EFBC}") = "LibraryAutomation", "LibraryAutomation\LibraryAutomation.csproj", "{C042ADDC-A35A-4AD7-942D-FDDB45779081}"
EndProject
Project("{FAE04EC0-301F-11D3-BF4B-00C04F79EFBC}") = "DataAccesLayer", "DataAccesLayer\DataAccesLayer.csproj", "{4588B292-6862-4D02-AE87-29D1A28DCDE6}"
EndProject
Global
	GlobalSection(SolutionConfigurationPlatforms) = preSolution
		Debug|Any CPU = Debug|Any CPU
		Release|Any CPU = Release|Any CPU
	EndGlobalSection
	GlobalSection(ProjectConfigurationPlatforms) = postSolution
		{C042ADDC-A35A-4AD7-942D-FDDB45779081}.Debug|Any CPU.ActiveCfg = Debug|Any CPU
		{C042ADDC-A35A-4AD7-942D-FDDB45779081}.Debug|Any CPU.Build.0 = Debug|Any CPU
		{C042ADDC-A35A-4AD7-942D-FDDB45779081}.Release|Any CPU.ActiveCfg = Release|Any CPU
		{C042ADDC-A35A-4AD7-942D-FDDB45779081}.Release|Any CPU.Build.0 = Release|Any CPU
		{4588B292-6862-4D02-AE87-29D1A28DCDE6}.Debug|Any CPU.ActiveCfg = Debug|Any CPU
		{4588B292-6862-4D02-AE87-29D1A28DCDE6}.Debug|Any CPU.Build.0 = Debug|Any CPU
		{4588B292-6862-4D02-AE87-29D1A28DCDE6}.Release|Any CPU.ActiveCfg = Release|Any CPU
		{4588B292-6862-4D02-AE87-29D1A28DCDE6}.Release|Any CPU.Build.0 = Release|Any CPU
	EndGlobalSection
	GlobalSection(SolutionProperties) = preSolution
		HideSolutionNode = FALSE
	EndGlobalSection
	GlobalSection(ExtensibilityGlobals) = postSolution
		SolutionGuid = {B8F7518F-372E-43AC-B17B-D8529945C6A9}
	EndGlobalSection
EndGlobal
